
Microsoft Visual Studio Solution File, Format Version 12.00
# Visual Studio Version 16
VisualStudioVersion = 16.0.30907.101
MinimumVisualStudioVersion = 10.0.40219.1
Project("{FAE04EC0-301F-11D3-BF4B-00C04F79EFBC}") = "OceanApp", "OceanApp.csproj", "{9C1B1A47-73DB-4A6C-864A-26A246B67F51}"
EndProject
Global
	GlobalSection(SolutionConfigurationPlatforms) = preSolution
		Debug|Any CPU = Debug|Any CPU
		Release|Any CPU = Release|Any CPU
	EndGlobalSection
	GlobalSection(ProjectConfigurationPlatforms) = postSolution
		{9C1B1A47-73DB-4A6C-864A-26A246B67F51}.Debug|Any CPU.ActiveCfg = Debug|Any CPU
		{9C1B1A47-73DB-4A6C-864A-26A246B67F51}.Debug|Any CPU.Build.0 = Debug|Any CPU
		{9C1B1A47-73DB-4A6C-864A-26A246B67F51}.Release|Any CPU.ActiveCfg = Release|Any CPU
		{9C1B1A47-73DB-4A6C-864A-26A246B67F51}.Release|Any CPU.Build.0 = Release|Any CPU
	EndGlobalSection
	GlobalSection(SolutionProperties) = preSolution
		HideSolutionNode = FALSE
	EndGlobalSection
	GlobalSection(ExtensibilityGlobals) = postSolution
		SolutionGuid = {2EC5C077-AD63-44CB-9758-55061DD41786}
	EndGlobalSection
EndGlobal
